
Microsoft Visual Studio Solution File, Format Version 12.00
# Visual Studio Version 17
VisualStudioVersion = 17.7.34221.43
MinimumVisualStudioVersion = 10.0.40219.1
Project("{FAE04EC0-301F-11D3-BF4B-00C04F79EFBC}") = "VulkanTutorial", "VulkanTutorial\VulkanTutorial.csproj", "{3F8B7343-A728-4060-945E-EF3EC176EAA2}"
EndProject
Global
	GlobalSection(SolutionConfigurationPlatforms) = preSolution
		Debug|Any CPU = Debug|Any CPU
		Release|Any CPU = Release|Any CPU
	EndGlobalSection
	GlobalSection(ProjectConfigurationPlatforms) = postSolution
		{3F8B7343-A728-4060-945E-EF3EC176EAA2}.Debug|Any CPU.ActiveCfg = Debug|Any CPU
		{3F8B7343-A728-4060-945E-EF3EC176EAA2}.Debug|Any CPU.Build.0 = Debug|Any CPU
		{3F8B7343-A728-4060-945E-EF3EC176EAA2}.Release|Any CPU.ActiveCfg = Release|Any CPU
		{3F8B7343-A728-4060-945E-EF3EC176EAA2}.Release|Any CPU.Build.0 = Release|Any CPU
	EndGlobalSection
	GlobalSection(SolutionProperties) = preSolution
		HideSolutionNode = FALSE
	EndGlobalSection
	GlobalSection(ExtensibilityGlobals) = postSolution
		SolutionGuid = {98F3B4EE-46EF-4481-977F-3FA2B719CC70}
	EndGlobalSection
EndGlobal
